// !$*UTF8*$!
{
	archiveVersion = 1;
	classes = {
	};
	objectVersion = 46;
	objects = {

/* Begin PBXBuildFile section */
		7B78E5D91C6680FC00518D6D /* AppDelegate.swift in Sources */ = {isa = PBXBuildFile; fileRef = 7B78E5D81C6680FC00518D6D /* AppDelegate.swift */; };
		7B78E5DE1C6680FC00518D6D /* Main.storyboard in Resources */ = {isa = PBXBuildFile; fileRef = 7B78E5DC1C6680FC00518D6D /* Main.storyboard */; };
		7B78E5E11C6680FC00518D6D /* snag_a_message.xcdatamodeld in Sources */ = {isa = PBXBuildFile; fileRef = 7B78E5DF1C6680FC00518D6D /* snag_a_message.xcdatamodeld */; };
		7B78E5E31C6680FC00518D6D /* Assets.xcassets in Resources */ = {isa = PBXBuildFile; fileRef = 7B78E5E21C6680FC00518D6D /* Assets.xcassets */; };
		7B78E5E61C6680FC00518D6D /* LaunchScreen.storyboard in Resources */ = {isa = PBXBuildFile; fileRef = 7B78E5E41C6680FC00518D6D /* LaunchScreen.storyboard */; };
		7B78E5F11C6680FC00518D6D /* snag_a_messageTests.swift in Sources */ = {isa = PBXBuildFile; fileRef = 7B78E5F01C6680FC00518D6D /* snag_a_messageTests.swift */; };
		7B78E5FC1C6680FC00518D6D /* snag_a_messageUITests.swift in Sources */ = {isa = PBXBuildFile; fileRef = 7B78E5FB1C6680FC00518D6D /* snag_a_messageUITests.swift */; };
		7B78E60A1C66854C00518D6D /* Bolts.framework in Frameworks */ = {isa = PBXBuildFile; fileRef = 7B78E6091C66854C00518D6D /* Bolts.framework */; };
		7B78E60C1C66855000518D6D /* CryptoSwift.framework in Frameworks */ = {isa = PBXBuildFile; fileRef = 7B78E60B1C66855000518D6D /* CryptoSwift.framework */; };
		7B78E60E1C66855300518D6D /* Firebase.framework in Frameworks */ = {isa = PBXBuildFile; fileRef = 7B78E60D1C66855300518D6D /* Firebase.framework */; };
		7B78E6101C66855800518D6D /* Parse.framework in Frameworks */ = {isa = PBXBuildFile; fileRef = 7B78E60F1C66855800518D6D /* Parse.framework */; };
		7B78E6121C66856200518D6D /* AudioToolbox.framework in Frameworks */ = {isa = PBXBuildFile; fileRef = 7B78E6111C66856200518D6D /* AudioToolbox.framework */; };
		7B78E6141C66856B00518D6D /* SystemConfiguration.framework in Frameworks */ = {isa = PBXBuildFile; fileRef = 7B78E6131C66856B00518D6D /* SystemConfiguration.framework */; };
		7B78E6161C66857400518D6D /* libsqlite3.0.tbd in Frameworks */ = {isa = PBXBuildFile; fileRef = 7B78E6151C66857400518D6D /* libsqlite3.0.tbd */; };
		7B78E6181C6686F800518D6D /* AppConstants.swift in Sources */ = {isa = PBXBuildFile; fileRef = 7B78E6171C6686F800518D6D /* AppConstants.swift */; };
		7B78E61F1C668B4F00518D6D /* CommentBubbleData.swift in Sources */ = {isa = PBXBuildFile; fileRef = 7B78E61E1C668B4F00518D6D /* CommentBubbleData.swift */; };
		7B78E6211C668FE700518D6D /* CommentBubble.swift in Sources */ = {isa = PBXBuildFile; fileRef = 7B78E6201C668FE700518D6D /* CommentBubble.swift */; };
		7B78E6231C6690B700518D6D /* CommentService.swift in Sources */ = {isa = PBXBuildFile; fileRef = 7B78E6221C6690B700518D6D /* CommentService.swift */; };
		7B78E6251C669BE200518D6D /* SnagCache.swift in Sources */ = {isa = PBXBuildFile; fileRef = 7B78E6241C669BE200518D6D /* SnagCache.swift */; };
		7B78E6271C669D9000518D6D /* SnagUser.swift in Sources */ = {isa = PBXBuildFile; fileRef = 7B78E6261C669D9000518D6D /* SnagUser.swift */; };
		7B78E6291C66A21200518D6D /* CommentData.swift in Sources */ = {isa = PBXBuildFile; fileRef = 7B78E6281C66A21200518D6D /* CommentData.swift */; };
		7B78E62B1C66A52F00518D6D /* UserService.swift in Sources */ = {isa = PBXBuildFile; fileRef = 7B78E62A1C66A52F00518D6D /* UserService.swift */; };
		7B78E62D1C66A60900518D6D /* AppExtensions.swift in Sources */ = {isa = PBXBuildFile; fileRef = 7B78E62C1C66A60900518D6D /* AppExtensions.swift */; };
		7B78E6341C66A99900518D6D /* LoadingScreenViewController.swift in Sources */ = {isa = PBXBuildFile; fileRef = 7B78E6331C66A99900518D6D /* LoadingScreenViewController.swift */; };
		7B78E6361C66AAE500518D6D /* LoginViewController.swift in Sources */ = {isa = PBXBuildFile; fileRef = 7B78E6351C66AAE500518D6D /* LoginViewController.swift */; };
		7B78E6381C66AB4900518D6D /* SignUpViewController.swift in Sources */ = {isa = PBXBuildFile; fileRef = 7B78E6371C66AB4900518D6D /* SignUpViewController.swift */; };
		7B78E63A1C66ABF600518D6D /* SnagAMessageViewController.swift in Sources */ = {isa = PBXBuildFile; fileRef = 7B78E6391C66ABF600518D6D /* SnagAMessageViewController.swift */; };
		7B78E63C1C66B28900518D6D /* UInt8Word.swift in Sources */ = {isa = PBXBuildFile; fileRef = 7B78E63B1C66B28900518D6D /* UInt8Word.swift */; };
		7B78E63E1C67051100518D6D /* PlusButton.swift in Sources */ = {isa = PBXBuildFile; fileRef = 7B78E63D1C67051100518D6D /* PlusButton.swift */; };
		7B78E6401C6806A000518D6D /* image.xcassets in Resources */ = {isa = PBXBuildFile; fileRef = 7B78E63F1C6806A000518D6D /* image.xcassets */; };
		7B78E6421C680EB200518D6D /* MessageCollectionViewCell.swift in Sources */ = {isa = PBXBuildFile; fileRef = 7B78E6411C680EB200518D6D /* MessageCollectionViewCell.swift */; };
		7B78E6441C680F2900518D6D /* RoundedBlurEffectView.swift in Sources */ = {isa = PBXBuildFile; fileRef = 7B78E6431C680F2900518D6D /* RoundedBlurEffectView.swift */; };
		7B78E6461C68107200518D6D /* RoundImageView.swift in Sources */ = {isa = PBXBuildFile; fileRef = 7B78E6451C68107200518D6D /* RoundImageView.swift */; };
		7B78E6491C68121800518D6D /* MessageCollectionDelegate.swift in Sources */ = {isa = PBXBuildFile; fileRef = 7B78E6481C68121800518D6D /* MessageCollectionDelegate.swift */; };
		D35CFD1C78B6B737A405A11A /* Pods.framework in Frameworks */ = {isa = PBXBuildFile; fileRef = A20B164E8E751E5E688715B8 /* Pods.framework */; };
/* End PBXBuildFile section */

/* Begin PBXContainerItemProxy section */
		7B78E5ED1C6680FC00518D6D /* PBXContainerItemProxy */ = {
			isa = PBXContainerItemProxy;
			containerPortal = 7B78E5CD1C6680FB00518D6D /* Project object */;
			proxyType = 1;
			remoteGlobalIDString = 7B78E5D41C6680FB00518D6D;
			remoteInfo = "snag-a-message";
		};
		7B78E5F81C6680FC00518D6D /* PBXContainerItemProxy */ = {
			isa = PBXContainerItemProxy;
			containerPortal = 7B78E5CD1C6680FB00518D6D /* Project object */;
			proxyType = 1;
			remoteGlobalIDString = 7B78E5D41C6680FB00518D6D;
			remoteInfo = "snag-a-message";
		};
/* End PBXContainerItemProxy section */

/* Begin PBXFileReference section */
		640D7B2A5AA749A328396267 /* Pods.debug.xcconfig */ = {isa = PBXFileReference; includeInIndex = 1; lastKnownFileType = text.xcconfig; name = Pods.debug.xcconfig; path = "Pods/Target Support Files/Pods/Pods.debug.xcconfig"; sourceTree = "<group>"; };
		7B78E5D51C6680FC00518D6D /* snag-a-message.app */ = {isa = PBXFileReference; explicitFileType = wrapper.application; includeInIndex = 0; path = "snag-a-message.app"; sourceTree = BUILT_PRODUCTS_DIR; };
		7B78E5D81C6680FC00518D6D /* AppDelegate.swift */ = {isa = PBXFileReference; lastKnownFileType = sourcecode.swift; path = AppDelegate.swift; sourceTree = "<group>"; };
		7B78E5DD1C6680FC00518D6D /* Base */ = {isa = PBXFileReference; lastKnownFileType = file.storyboard; name = Base; path = Base.lproj/Main.storyboard; sourceTree = "<group>"; };
		7B78E5E01C6680FC00518D6D /* snag_a_message.xcdatamodel */ = {isa = PBXFileReference; lastKnownFileType = wrapper.xcdatamodel; path = snag_a_message.xcdatamodel; sourceTree = "<group>"; };
		7B78E5E21C6680FC00518D6D /* Assets.xcassets */ = {isa = PBXFileReference; lastKnownFileType = folder.assetcatalog; path = Assets.xcassets; sourceTree = "<group>"; };
		7B78E5E51C6680FC00518D6D /* Base */ = {isa = PBXFileReference; lastKnownFileType = file.storyboard; name = Base; path = Base.lproj/LaunchScreen.storyboard; sourceTree = "<group>"; };
		7B78E5E71C6680FC00518D6D /* Info.plist */ = {isa = PBXFileReference; lastKnownFileType = text.plist.xml; path = Info.plist; sourceTree = "<group>"; };
		7B78E5EC1C6680FC00518D6D /* snag-a-messageTests.xctest */ = {isa = PBXFileReference; explicitFileType = wrapper.cfbundle; includeInIndex = 0; path = "snag-a-messageTests.xctest"; sourceTree = BUILT_PRODUCTS_DIR; };
		7B78E5F01C6680FC00518D6D /* snag_a_messageTests.swift */ = {isa = PBXFileReference; lastKnownFileType = sourcecode.swift; path = snag_a_messageTests.swift; sourceTree = "<group>"; };
		7B78E5F21C6680FC00518D6D /* Info.plist */ = {isa = PBXFileReference; lastKnownFileType = text.plist.xml; path = Info.plist; sourceTree = "<group>"; };
		7B78E5F71C6680FC00518D6D /* snag-a-messageUITests.xctest */ = {isa = PBXFileReference; explicitFileType = wrapper.cfbundle; includeInIndex = 0; path = "snag-a-messageUITests.xctest"; sourceTree = BUILT_PRODUCTS_DIR; };
		7B78E5FB1C6680FC00518D6D /* snag_a_messageUITests.swift */ = {isa = PBXFileReference; lastKnownFileType = sourcecode.swift; path = snag_a_messageUITests.swift; sourceTree = "<group>"; };
		7B78E5FD1C6680FC00518D6D /* Info.plist */ = {isa = PBXFileReference; lastKnownFileType = text.plist.xml; path = Info.plist; sourceTree = "<group>"; };
		7B78E6091C66854C00518D6D /* Bolts.framework */ = {isa = PBXFileReference; lastKnownFileType = wrapper.framework; name = Bolts.framework; path = "Pods/../build/Debug-iphoneos/Bolts.framework"; sourceTree = "<group>"; };
		7B78E60B1C66855000518D6D /* CryptoSwift.framework */ = {isa = PBXFileReference; lastKnownFileType = wrapper.framework; name = CryptoSwift.framework; path = "Pods/../build/Debug-iphoneos/CryptoSwift.framework"; sourceTree = "<group>"; };
		7B78E60D1C66855300518D6D /* Firebase.framework */ = {isa = PBXFileReference; lastKnownFileType = wrapper.framework; name = Firebase.framework; path = "Pods/../build/Debug-iphoneos/Firebase.framework"; sourceTree = "<group>"; };
		7B78E60F1C66855800518D6D /* Parse.framework */ = {isa = PBXFileReference; lastKnownFileType = wrapper.framework; name = Parse.framework; path = "Pods/../build/Debug-iphoneos/Parse.framework"; sourceTree = "<group>"; };
		7B78E6111C66856200518D6D /* AudioToolbox.framework */ = {isa = PBXFileReference; lastKnownFileType = wrapper.framework; name = AudioToolbox.framework; path = System/Library/Frameworks/AudioToolbox.framework; sourceTree = SDKROOT; };
		7B78E6131C66856B00518D6D /* SystemConfiguration.framework */ = {isa = PBXFileReference; lastKnownFileType = wrapper.framework; name = SystemConfiguration.framework; path = System/Library/Frameworks/SystemConfiguration.framework; sourceTree = SDKROOT; };
		7B78E6151C66857400518D6D /* libsqlite3.0.tbd */ = {isa = PBXFileReference; lastKnownFileType = "sourcecode.text-based-dylib-definition"; name = libsqlite3.0.tbd; path = usr/lib/libsqlite3.0.tbd; sourceTree = SDKROOT; };
		7B78E6171C6686F800518D6D /* AppConstants.swift */ = {isa = PBXFileReference; fileEncoding = 4; lastKnownFileType = sourcecode.swift; path = AppConstants.swift; sourceTree = "<group>"; };
		7B78E61E1C668B4F00518D6D /* CommentBubbleData.swift */ = {isa = PBXFileReference; fileEncoding = 4; lastKnownFileType = sourcecode.swift; path = CommentBubbleData.swift; sourceTree = "<group>"; };
		7B78E6201C668FE700518D6D /* CommentBubble.swift */ = {isa = PBXFileReference; fileEncoding = 4; lastKnownFileType = sourcecode.swift; path = CommentBubble.swift; sourceTree = "<group>"; };
		7B78E6221C6690B700518D6D /* CommentService.swift */ = {isa = PBXFileReference; fileEncoding = 4; lastKnownFileType = sourcecode.swift; path = CommentService.swift; sourceTree = "<group>"; };
		7B78E6241C669BE200518D6D /* SnagCache.swift */ = {isa = PBXFileReference; fileEncoding = 4; lastKnownFileType = sourcecode.swift; path = SnagCache.swift; sourceTree = "<group>"; };
		7B78E6261C669D9000518D6D /* SnagUser.swift */ = {isa = PBXFileReference; fileEncoding = 4; lastKnownFileType = sourcecode.swift; path = SnagUser.swift; sourceTree = "<group>"; };
		7B78E6281C66A21200518D6D /* CommentData.swift */ = {isa = PBXFileReference; fileEncoding = 4; lastKnownFileType = sourcecode.swift; path = CommentData.swift; sourceTree = "<group>"; };
		7B78E62A1C66A52F00518D6D /* UserService.swift */ = {isa = PBXFileReference; fileEncoding = 4; lastKnownFileType = sourcecode.swift; path = UserService.swift; sourceTree = "<group>"; };
		7B78E62C1C66A60900518D6D /* AppExtensions.swift */ = {isa = PBXFileReference; fileEncoding = 4; lastKnownFileType = sourcecode.swift; path = AppExtensions.swift; sourceTree = "<group>"; };
		7B78E62E1C66A6E300518D6D /* snag-a-message-Bridging-Header.h */ = {isa = PBXFileReference; lastKnownFileType = sourcecode.c.h; path = "snag-a-message-Bridging-Header.h"; sourceTree = "<group>"; };
		7B78E6331C66A99900518D6D /* LoadingScreenViewController.swift */ = {isa = PBXFileReference; fileEncoding = 4; lastKnownFileType = sourcecode.swift; path = LoadingScreenViewController.swift; sourceTree = "<group>"; };
		7B78E6351C66AAE500518D6D /* LoginViewController.swift */ = {isa = PBXFileReference; fileEncoding = 4; lastKnownFileType = sourcecode.swift; path = LoginViewController.swift; sourceTree = "<group>"; };
		7B78E6371C66AB4900518D6D /* SignUpViewController.swift */ = {isa = PBXFileReference; fileEncoding = 4; lastKnownFileType = sourcecode.swift; path = SignUpViewController.swift; sourceTree = "<group>"; };
		7B78E6391C66ABF600518D6D /* SnagAMessageViewController.swift */ = {isa = PBXFileReference; fileEncoding = 4; lastKnownFileType = sourcecode.swift; path = SnagAMessageViewController.swift; sourceTree = "<group>"; };
		7B78E63B1C66B28900518D6D /* UInt8Word.swift */ = {isa = PBXFileReference; fileEncoding = 4; lastKnownFileType = sourcecode.swift; path = UInt8Word.swift; sourceTree = "<group>"; };
		7B78E63D1C67051100518D6D /* PlusButton.swift */ = {isa = PBXFileReference; fileEncoding = 4; lastKnownFileType = sourcecode.swift; path = PlusButton.swift; sourceTree = "<group>"; };
		7B78E63F1C6806A000518D6D /* image.xcassets */ = {isa = PBXFileReference; lastKnownFileType = folder.assetcatalog; path = image.xcassets; sourceTree = "<group>"; };
		7B78E6411C680EB200518D6D /* MessageCollectionViewCell.swift */ = {isa = PBXFileReference; fileEncoding = 4; lastKnownFileType = sourcecode.swift; path = MessageCollectionViewCell.swift; sourceTree = "<group>"; };
		7B78E6431C680F2900518D6D /* RoundedBlurEffectView.swift */ = {isa = PBXFileReference; fileEncoding = 4; lastKnownFileType = sourcecode.swift; path = RoundedBlurEffectView.swift; sourceTree = "<group>"; };
		7B78E6451C68107200518D6D /* RoundImageView.swift */ = {isa = PBXFileReference; fileEncoding = 4; lastKnownFileType = sourcecode.swift; path = RoundImageView.swift; sourceTree = "<group>"; };
		7B78E6481C68121800518D6D /* MessageCollectionDelegate.swift */ = {isa = PBXFileReference; fileEncoding = 4; lastKnownFileType = sourcecode.swift; path = MessageCollectionDelegate.swift; sourceTree = "<group>"; };
		A20B164E8E751E5E688715B8 /* Pods.framework */ = {isa = PBXFileReference; explicitFileType = wrapper.framework; includeInIndex = 0; path = Pods.framework; sourceTree = BUILT_PRODUCTS_DIR; };
		B6FF91D34E6C45701C3AA62D /* Pods.release.xcconfig */ = {isa = PBXFileReference; includeInIndex = 1; lastKnownFileType = text.xcconfig; name = Pods.release.xcconfig; path = "Pods/Target Support Files/Pods/Pods.release.xcconfig"; sourceTree = "<group>"; };
/* End PBXFileReference section */

/* Begin PBXFrameworksBuildPhase section */
		7B78E5D21C6680FB00518D6D /* Frameworks */ = {
			isa = PBXFrameworksBuildPhase;
			buildActionMask = 2147483647;
			files = (
				7B78E6161C66857400518D6D /* libsqlite3.0.tbd in Frameworks */,
				7B78E6141C66856B00518D6D /* SystemConfiguration.framework in Frameworks */,
				7B78E6121C66856200518D6D /* AudioToolbox.framework in Frameworks */,
				7B78E6101C66855800518D6D /* Parse.framework in Frameworks */,
				7B78E60E1C66855300518D6D /* Firebase.framework in Frameworks */,
				7B78E60C1C66855000518D6D /* CryptoSwift.framework in Frameworks */,
				7B78E60A1C66854C00518D6D /* Bolts.framework in Frameworks */,
				D35CFD1C78B6B737A405A11A /* Pods.framework in Frameworks */,
			);
			runOnlyForDeploymentPostprocessing = 0;
		};
		7B78E5E91C6680FC00518D6D /* Frameworks */ = {
			isa = PBXFrameworksBuildPhase;
			buildActionMask = 2147483647;
			files = (
			);
			runOnlyForDeploymentPostprocessing = 0;
		};
		7B78E5F41C6680FC00518D6D /* Frameworks */ = {
			isa = PBXFrameworksBuildPhase;
			buildActionMask = 2147483647;
			files = (
			);
			runOnlyForDeploymentPostprocessing = 0;
		};
/* End PBXFrameworksBuildPhase section */

/* Begin PBXGroup section */
		7B78E5CC1C6680FB00518D6D = {
			isa = PBXGroup;
			children = (
				7B78E5D71C6680FC00518D6D /* snag-a-message */,
				7B78E5EF1C6680FC00518D6D /* snag-a-messageTests */,
				7B78E5FA1C6680FC00518D6D /* snag-a-messageUITests */,
				7B78E5D61C6680FC00518D6D /* Products */,
				882EEBD823F8B581711D338D /* Pods */,
				CA141302E36AAE916D11AA7F /* Frameworks */,
			);
			sourceTree = "<group>";
		};
		7B78E5D61C6680FC00518D6D /* Products */ = {
			isa = PBXGroup;
			children = (
				7B78E5D51C6680FC00518D6D /* snag-a-message.app */,
				7B78E5EC1C6680FC00518D6D /* snag-a-messageTests.xctest */,
				7B78E5F71C6680FC00518D6D /* snag-a-messageUITests.xctest */,
			);
			name = Products;
			sourceTree = "<group>";
		};
		7B78E5D71C6680FC00518D6D /* snag-a-message */ = {
			isa = PBXGroup;
			children = (
				7B78E6471C6811FA00518D6D /* Delegates */,
				7B78E61D1C66887800518D6D /* Services */,
				7B78E61C1C66886D00518D6D /* Utils */,
				7B78E61B1C66886700518D6D /* Models */,
				7B78E61A1C66885A00518D6D /* View Controllers */,
				7B78E6191C66883700518D6D /* Core */,
			);
			path = "snag-a-message";
			sourceTree = "<group>";
		};
		7B78E5EF1C6680FC00518D6D /* snag-a-messageTests */ = {
			isa = PBXGroup;
			children = (
				7B78E5F01C6680FC00518D6D /* snag_a_messageTests.swift */,
				7B78E5F21C6680FC00518D6D /* Info.plist */,
			);
			path = "snag-a-messageTests";
			sourceTree = "<group>";
		};
		7B78E5FA1C6680FC00518D6D /* snag-a-messageUITests */ = {
			isa = PBXGroup;
			children = (
				7B78E5FB1C6680FC00518D6D /* snag_a_messageUITests.swift */,
				7B78E5FD1C6680FC00518D6D /* Info.plist */,
			);
			path = "snag-a-messageUITests";
			sourceTree = "<group>";
		};
		7B78E6191C66883700518D6D /* Core */ = {
			isa = PBXGroup;
			children = (
				7B78E6171C6686F800518D6D /* AppConstants.swift */,
				7B78E5DF1C6680FC00518D6D /* snag_a_message.xcdatamodeld */,
				7B78E5E71C6680FC00518D6D /* Info.plist */,
				7B78E5E41C6680FC00518D6D /* LaunchScreen.storyboard */,
				7B78E5DC1C6680FC00518D6D /* Main.storyboard */,
				7B78E5E21C6680FC00518D6D /* Assets.xcassets */,
				7B78E5D81C6680FC00518D6D /* AppDelegate.swift */,
				7B78E62C1C66A60900518D6D /* AppExtensions.swift */,
				7B78E62E1C66A6E300518D6D /* snag-a-message-Bridging-Header.h */,
				7B78E63F1C6806A000518D6D /* image.xcassets */,
			);
			name = Core;
			sourceTree = "<group>";
		};
		7B78E61A1C66885A00518D6D /* View Controllers */ = {
			isa = PBXGroup;
			children = (
				7B78E6331C66A99900518D6D /* LoadingScreenViewController.swift */,
				7B78E6351C66AAE500518D6D /* LoginViewController.swift */,
				7B78E6371C66AB4900518D6D /* SignUpViewController.swift */,
				7B78E6391C66ABF600518D6D /* SnagAMessageViewController.swift */,
			);
			name = "View Controllers";
			sourceTree = "<group>";
		};
		7B78E61B1C66886700518D6D /* Models */ = {
			isa = PBXGroup;
			children = (
				7B78E6321C66A79E00518D6D /* Cloud Models */,
				7B78E6311C66A79100518D6D /* Core Models */,
			);
			name = Models;
			sourceTree = "<group>";
		};
		7B78E61C1C66886D00518D6D /* Utils */ = {
			isa = PBXGroup;
			children = (
			);
			name = Utils;
			sourceTree = "<group>";
		};
		7B78E61D1C66887800518D6D /* Services */ = {
			isa = PBXGroup;
			children = (
				7B78E6221C6690B700518D6D /* CommentService.swift */,
				7B78E62A1C66A52F00518D6D /* UserService.swift */,
			);
			name = Services;
			sourceTree = "<group>";
		};
		7B78E6311C66A79100518D6D /* Core Models */ = {
			isa = PBXGroup;
			children = (
				7B78E6241C669BE200518D6D /* SnagCache.swift */,
				7B78E6201C668FE700518D6D /* CommentBubble.swift */,
				7B78E61E1C668B4F00518D6D /* CommentBubbleData.swift */,
				7B78E63B1C66B28900518D6D /* UInt8Word.swift */,
				7B78E63D1C67051100518D6D /* PlusButton.swift */,
				7B78E6411C680EB200518D6D /* MessageCollectionViewCell.swift */,
				7B78E6431C680F2900518D6D /* RoundedBlurEffectView.swift */,
				7B78E6451C68107200518D6D /* RoundImageView.swift */,
			);
			name = "Core Models";
			sourceTree = "<group>";
		};
		7B78E6321C66A79E00518D6D /* Cloud Models */ = {
			isa = PBXGroup;
			children = (
				7B78E6281C66A21200518D6D /* CommentData.swift */,
				7B78E6261C669D9000518D6D /* SnagUser.swift */,
			);
			name = "Cloud Models";
			sourceTree = "<group>";
		};
		7B78E6471C6811FA00518D6D /* Delegates */ = {
			isa = PBXGroup;
			children = (
				7B78E6481C68121800518D6D /* MessageCollectionDelegate.swift */,
			);
			name = Delegates;
			sourceTree = "<group>";
		};
		882EEBD823F8B581711D338D /* Pods */ = {
			isa = PBXGroup;
			children = (
				640D7B2A5AA749A328396267 /* Pods.debug.xcconfig */,
				B6FF91D34E6C45701C3AA62D /* Pods.release.xcconfig */,
			);
			name = Pods;
			sourceTree = "<group>";
		};
		CA141302E36AAE916D11AA7F /* Frameworks */ = {
			isa = PBXGroup;
			children = (
				7B78E6151C66857400518D6D /* libsqlite3.0.tbd */,
				7B78E6131C66856B00518D6D /* SystemConfiguration.framework */,
				7B78E6111C66856200518D6D /* AudioToolbox.framework */,
				7B78E60F1C66855800518D6D /* Parse.framework */,
				7B78E60D1C66855300518D6D /* Firebase.framework */,
				7B78E60B1C66855000518D6D /* CryptoSwift.framework */,
				7B78E6091C66854C00518D6D /* Bolts.framework */,
				A20B164E8E751E5E688715B8 /* Pods.framework */,
			);
			name = Frameworks;
			sourceTree = "<group>";
		};
/* End PBXGroup section */

/* Begin PBXNativeTarget section */
		7B78E5D41C6680FB00518D6D /* snag-a-message */ = {
			isa = PBXNativeTarget;
			buildConfigurationList = 7B78E6001C6680FC00518D6D /* Build configuration list for PBXNativeTarget "snag-a-message" */;
			buildPhases = (
				EDE506A50BD35D24D9DA5C62 /* Check Pods Manifest.lock */,
				7B78E5D11C6680FB00518D6D /* Sources */,
				7B78E5D21C6680FB00518D6D /* Frameworks */,
				7B78E5D31C6680FB00518D6D /* Resources */,
				6190C93C98C74F4EEBFE09A6 /* Embed Pods Frameworks */,
				D0FB193B7820DFAF0433ACCA /* Copy Pods Resources */,
			);
			buildRules = (
			);
			dependencies = (
			);
			name = "snag-a-message";
			productName = "snag-a-message";
			productReference = 7B78E5D51C6680FC00518D6D /* snag-a-message.app */;
			productType = "com.apple.product-type.application";
		};
		7B78E5EB1C6680FC00518D6D /* snag-a-messageTests */ = {
			isa = PBXNativeTarget;
			buildConfigurationList = 7B78E6031C6680FC00518D6D /* Build configuration list for PBXNativeTarget "snag-a-messageTests" */;
			buildPhases = (
				7B78E5E81C6680FC00518D6D /* Sources */,
				7B78E5E91C6680FC00518D6D /* Frameworks */,
				7B78E5EA1C6680FC00518D6D /* Resources */,
			);
			buildRules = (
			);
			dependencies = (
				7B78E5EE1C6680FC00518D6D /* PBXTargetDependency */,
			);
			name = "snag-a-messageTests";
			productName = "snag-a-messageTests";
			productReference = 7B78E5EC1C6680FC00518D6D /* snag-a-messageTests.xctest */;
			productType = "com.apple.product-type.bundle.unit-test";
		};
		7B78E5F61C6680FC00518D6D /* snag-a-messageUITests */ = {
			isa = PBXNativeTarget;
			buildConfigurationList = 7B78E6061C6680FC00518D6D /* Build configuration list for PBXNativeTarget "snag-a-messageUITests" */;
			buildPhases = (
				7B78E5F31C6680FC00518D6D /* Sources */,
				7B78E5F41C6680FC00518D6D /* Frameworks */,
				7B78E5F51C6680FC00518D6D /* Resources */,
			);
			buildRules = (
			);
			dependencies = (
				7B78E5F91C6680FC00518D6D /* PBXTargetDependency */,
			);
			name = "snag-a-messageUITests";
			productName = "snag-a-messageUITests";
			productReference = 7B78E5F71C6680FC00518D6D /* snag-a-messageUITests.xctest */;
			productType = "com.apple.product-type.bundle.ui-testing";
		};
/* End PBXNativeTarget section */

/* Begin PBXProject section */
		7B78E5CD1C6680FB00518D6D /* Project object */ = {
			isa = PBXProject;
			attributes = {
				LastSwiftUpdateCheck = 0720;
				LastUpgradeCheck = 0720;
				ORGANIZATIONNAME = "Romaine Hinds";
				TargetAttributes = {
					7B78E5D41C6680FB00518D6D = {
						CreatedOnToolsVersion = 7.2;
					};
					7B78E5EB1C6680FC00518D6D = {
						CreatedOnToolsVersion = 7.2;
						TestTargetID = 7B78E5D41C6680FB00518D6D;
					};
					7B78E5F61C6680FC00518D6D = {
						CreatedOnToolsVersion = 7.2;
						TestTargetID = 7B78E5D41C6680FB00518D6D;
					};
				};
			};
			buildConfigurationList = 7B78E5D01C6680FB00518D6D /* Build configuration list for PBXProject "snag-a-message" */;
			compatibilityVersion = "Xcode 3.2";
			developmentRegion = English;
			hasScannedForEncodings = 0;
			knownRegions = (
				en,
				Base,
			);
			mainGroup = 7B78E5CC1C6680FB00518D6D;
			productRefGroup = 7B78E5D61C6680FC00518D6D /* Products */;
			projectDirPath = "";
			projectRoot = "";
			targets = (
				7B78E5D41C6680FB00518D6D /* snag-a-message */,
				7B78E5EB1C6680FC00518D6D /* snag-a-messageTests */,
				7B78E5F61C6680FC00518D6D /* snag-a-messageUITests */,
			);
		};
/* End PBXProject section */

/* Begin PBXResourcesBuildPhase section */
		7B78E5D31C6680FB00518D6D /* Resources */ = {
			isa = PBXResourcesBuildPhase;
			buildActionMask = 2147483647;
			files = (
				7B78E5E61C6680FC00518D6D /* LaunchScreen.storyboard in Resources */,
				7B78E6401C6806A000518D6D /* image.xcassets in Resources */,
				7B78E5E31C6680FC00518D6D /* Assets.xcassets in Resources */,
				7B78E5DE1C6680FC00518D6D /* Main.storyboard in Resources */,
			);
			runOnlyForDeploymentPostprocessing = 0;
		};
		7B78E5EA1C6680FC00518D6D /* Resources */ = {
			isa = PBXResourcesBuildPhase;
			buildActionMask = 2147483647;
			files = (
			);
			runOnlyForDeploymentPostprocessing = 0;
		};
		7B78E5F51C6680FC00518D6D /* Resources */ = {
			isa = PBXResourcesBuildPhase;
			buildActionMask = 2147483647;
			files = (
			);
			runOnlyForDeploymentPostprocessing = 0;
		};
/* End PBXResourcesBuildPhase section */

/* Begin PBXShellScriptBuildPhase section */
		6190C93C98C74F4EEBFE09A6 /* Embed Pods Frameworks */ = {
			isa = PBXShellScriptBuildPhase;
			buildActionMask = 2147483647;
			files = (
			);
			inputPaths = (
			);
			name = "Embed Pods Frameworks";
			outputPaths = (
			);
			runOnlyForDeploymentPostprocessing = 0;
			shellPath = /bin/sh;
			shellScript = "\"${SRCROOT}/Pods/Target Support Files/Pods/Pods-frameworks.sh\"\n";
			showEnvVarsInLog = 0;
		};
		D0FB193B7820DFAF0433ACCA /* Copy Pods Resources */ = {
			isa = PBXShellScriptBuildPhase;
			buildActionMask = 2147483647;
			files = (
			);
			inputPaths = (
			);
			name = "Copy Pods Resources";
			outputPaths = (
			);
			runOnlyForDeploymentPostprocessing = 0;
			shellPath = /bin/sh;
			shellScript = "\"${SRCROOT}/Pods/Target Support Files/Pods/Pods-resources.sh\"\n";
			showEnvVarsInLog = 0;
		};
		EDE506A50BD35D24D9DA5C62 /* Check Pods Manifest.lock */ = {
			isa = PBXShellScriptBuildPhase;
			buildActionMask = 2147483647;
			files = (
			);
			inputPaths = (
			);
			name = "Check Pods Manifest.lock";
			outputPaths = (
			);
			runOnlyForDeploymentPostprocessing = 0;
			shellPath = /bin/sh;
			shellScript = "diff \"${PODS_ROOT}/../Podfile.lock\" \"${PODS_ROOT}/Manifest.lock\" > /dev/null\nif [[ $? != 0 ]] ; then\n    cat << EOM\nerror: The sandbox is not in sync with the Podfile.lock. Run 'pod install' or update your CocoaPods installation.\nEOM\n    exit 1\nfi\n";
			showEnvVarsInLog = 0;
		};
/* End PBXShellScriptBuildPhase section */

/* Begin PBXSourcesBuildPhase section */
		7B78E5D11C6680FB00518D6D /* Sources */ = {
			isa = PBXSourcesBuildPhase;
			buildActionMask = 2147483647;
			files = (
				7B78E6361C66AAE500518D6D /* LoginViewController.swift in Sources */,
				7B78E63E1C67051100518D6D /* PlusButton.swift in Sources */,
				7B78E5E11C6680FC00518D6D /* snag_a_message.xcdatamodeld in Sources */,
				7B78E63A1C66ABF600518D6D /* SnagAMessageViewController.swift in Sources */,
				7B78E6441C680F2900518D6D /* RoundedBlurEffectView.swift in Sources */,
				7B78E6461C68107200518D6D /* RoundImageView.swift in Sources */,
				7B78E6421C680EB200518D6D /* MessageCollectionViewCell.swift in Sources */,
				7B78E6211C668FE700518D6D /* CommentBubble.swift in Sources */,
				7B78E62D1C66A60900518D6D /* AppExtensions.swift in Sources */,
				7B78E6271C669D9000518D6D /* SnagUser.swift in Sources */,
				7B78E5D91C6680FC00518D6D /* AppDelegate.swift in Sources */,
				7B78E6181C6686F800518D6D /* AppConstants.swift in Sources */,
				7B78E62B1C66A52F00518D6D /* UserService.swift in Sources */,
				7B78E6381C66AB4900518D6D /* SignUpViewController.swift in Sources */,
				7B78E6491C68121800518D6D /* MessageCollectionDelegate.swift in Sources */,
				7B78E61F1C668B4F00518D6D /* CommentBubbleData.swift in Sources */,
				7B78E6231C6690B700518D6D /* CommentService.swift in Sources */,
				7B78E6341C66A99900518D6D /* LoadingScreenViewController.swift in Sources */,
				7B78E6251C669BE200518D6D /* SnagCache.swift in Sources */,
				7B78E6291C66A21200518D6D /* CommentData.swift in Sources */,
				7B78E63C1C66B28900518D6D /* UInt8Word.swift in Sources */,
			);
			runOnlyForDeploymentPostprocessing = 0;
		};
		7B78E5E81C6680FC00518D6D /* Sources */ = {
			isa = PBXSourcesBuildPhase;
			buildActionMask = 2147483647;
			files = (
				7B78E5F11C6680FC00518D6D /* snag_a_messageTests.swift in Sources */,
			);
			runOnlyForDeploymentPostprocessing = 0;
		};
		7B78E5F31C6680FC00518D6D /* Sources */ = {
			isa = PBXSourcesBuildPhase;
			buildActionMask = 2147483647;
			files = (
				7B78E5FC1C6680FC00518D6D /* snag_a_messageUITests.swift in Sources */,
			);
			runOnlyForDeploymentPostprocessing = 0;
		};
/* End PBXSourcesBuildPhase section */

/* Begin PBXTargetDependency section */
		7B78E5EE1C6680FC00518D6D /* PBXTargetDependency */ = {
			isa = PBXTargetDependency;
			target = 7B78E5D41C6680FB00518D6D /* snag-a-message */;
			targetProxy = 7B78E5ED1C6680FC00518D6D /* PBXContainerItemProxy */;
		};
		7B78E5F91C6680FC00518D6D /* PBXTargetDependency */ = {
			isa = PBXTargetDependency;
			target = 7B78E5D41C6680FB00518D6D /* snag-a-message */;
			targetProxy = 7B78E5F81C6680FC00518D6D /* PBXContainerItemProxy */;
		};
/* End PBXTargetDependency section */

/* Begin PBXVariantGroup section */
		7B78E5DC1C6680FC00518D6D /* Main.storyboard */ = {
			isa = PBXVariantGroup;
			children = (
				7B78E5DD1C6680FC00518D6D /* Base */,
			);
			name = Main.storyboard;
			sourceTree = "<group>";
		};
		7B78E5E41C6680FC00518D6D /* LaunchScreen.storyboard */ = {
			isa = PBXVariantGroup;
			children = (
				7B78E5E51C6680FC00518D6D /* Base */,
			);
			name = LaunchScreen.storyboard;
			sourceTree = "<group>";
		};
/* End PBXVariantGroup section */

/* Begin XCBuildConfiguration section */
		7B78E5FE1C6680FC00518D6D /* Debug */ = {
			isa = XCBuildConfiguration;
			buildSettings = {
				ALWAYS_SEARCH_USER_PATHS = NO;
				CLANG_CXX_LANGUAGE_STANDARD = "gnu++0x";
				CLANG_CXX_LIBRARY = "libc++";
				CLANG_ENABLE_MODULES = YES;
				CLANG_ENABLE_OBJC_ARC = YES;
				CLANG_WARN_BOOL_CONVERSION = YES;
				CLANG_WARN_CONSTANT_CONVERSION = YES;
				CLANG_WARN_DIRECT_OBJC_ISA_USAGE = YES_ERROR;
				CLANG_WARN_EMPTY_BODY = YES;
				CLANG_WARN_ENUM_CONVERSION = YES;
				CLANG_WARN_INT_CONVERSION = YES;
				CLANG_WARN_OBJC_ROOT_CLASS = YES_ERROR;
				CLANG_WARN_UNREACHABLE_CODE = YES;
				CLANG_WARN__DUPLICATE_METHOD_MATCH = YES;
				"CODE_SIGN_IDENTITY[sdk=iphoneos*]" = "iPhone Developer";
				COPY_PHASE_STRIP = NO;
				DEBUG_INFORMATION_FORMAT = dwarf;
				ENABLE_STRICT_OBJC_MSGSEND = YES;
				ENABLE_TESTABILITY = YES;
				GCC_C_LANGUAGE_STANDARD = gnu99;
				GCC_DYNAMIC_NO_PIC = NO;
				GCC_NO_COMMON_BLOCKS = YES;
				GCC_OPTIMIZATION_LEVEL = 0;
				GCC_PREPROCESSOR_DEFINITIONS = (
					"DEBUG=1",
					"$(inherited)",
				);
				GCC_WARN_64_TO_32_BIT_CONVERSION = YES;
				GCC_WARN_ABOUT_RETURN_TYPE = YES_ERROR;
				GCC_WARN_UNDECLARED_SELECTOR = YES;
				GCC_WARN_UNINITIALIZED_AUTOS = YES_AGGRESSIVE;
				GCC_WARN_UNUSED_FUNCTION = YES;
				GCC_WARN_UNUSED_VARIABLE = YES;
				IPHONEOS_DEPLOYMENT_TARGET = 9.2;
				MTL_ENABLE_DEBUG_INFO = YES;
				ONLY_ACTIVE_ARCH = YES;
				SDKROOT = iphoneos;
				SWIFT_OPTIMIZATION_LEVEL = "-Onone";
			};
			name = Debug;
		};
		7B78E5FF1C6680FC00518D6D /* Release */ = {
			isa = XCBuildConfiguration;
			buildSettings = {
				ALWAYS_SEARCH_USER_PATHS = NO;
				CLANG_CXX_LANGUAGE_STANDARD = "gnu++0x";
				CLANG_CXX_LIBRARY = "libc++";
				CLANG_ENABLE_MODULES = YES;
				CLANG_ENABLE_OBJC_ARC = YES;
				CLANG_WARN_BOOL_CONVERSION = YES;
				CLANG_WARN_CONSTANT_CONVERSION = YES;
				CLANG_WARN_DIRECT_OBJC_ISA_USAGE = YES_ERROR;
				CLANG_WARN_EMPTY_BODY = YES;
				CLANG_WARN_ENUM_CONVERSION = YES;
				CLANG_WARN_INT_CONVERSION = YES;
				CLANG_WARN_OBJC_ROOT_CLASS = YES_ERROR;
				CLANG_WARN_UNREACHABLE_CODE = YES;
				CLANG_WARN__DUPLICATE_METHOD_MATCH = YES;
				"CODE_SIGN_IDENTITY[sdk=iphoneos*]" = "iPhone Developer";
				COPY_PHASE_STRIP = NO;
				DEBUG_INFORMATION_FORMAT = "dwarf-with-dsym";
				ENABLE_NS_ASSERTIONS = NO;
				ENABLE_STRICT_OBJC_MSGSEND = YES;
				GCC_C_LANGUAGE_STANDARD = gnu99;
				GCC_NO_COMMON_BLOCKS = YES;
				GCC_WARN_64_TO_32_BIT_CONVERSION = YES;
				GCC_WARN_ABOUT_RETURN_TYPE = YES_ERROR;
				GCC_WARN_UNDECLARED_SELECTOR = YES;
				GCC_WARN_UNINITIALIZED_AUTOS = YES_AGGRESSIVE;
				GCC_WARN_UNUSED_FUNCTION = YES;
				GCC_WARN_UNUSED_VARIABLE = YES;
				IPHONEOS_DEPLOYMENT_TARGET = 9.2;
				MTL_ENABLE_DEBUG_INFO = NO;
				SDKROOT = iphoneos;
				VALIDATE_PRODUCT = YES;
			};
			name = Release;
		};
		7B78E6011C6680FC00518D6D /* Debug */ = {
			isa = XCBuildConfiguration;
			baseConfigurationReference = 640D7B2A5AA749A328396267 /* Pods.debug.xcconfig */;
			buildSettings = {
				ASSETCATALOG_COMPILER_APPICON_NAME = AppIcon;
				CLANG_ENABLE_MODULES = YES;
				FRAMEWORK_SEARCH_PATHS = (
					"$(inherited)",
					"$(PROJECT_DIR)/build/Debug-iphoneos",
				);
				INFOPLIST_FILE = "snag-a-message/Info.plist";
				LD_RUNPATH_SEARCH_PATHS = "$(inherited) @executable_path/Frameworks";
				PRODUCT_BUNDLE_IDENTIFIER = "com.romainehinds.snag-a-message";
				PRODUCT_NAME = "$(TARGET_NAME)";
				SWIFT_OBJC_BRIDGING_HEADER = "snag-a-message/snag-a-message-Bridging-Header.h";
				SWIFT_OPTIMIZATION_LEVEL = "-Onone";
			};
			name = Debug;
		};
		7B78E6021C6680FC00518D6D /* Release */ = {
			isa = XCBuildConfiguration;
			baseConfigurationReference = B6FF91D34E6C45701C3AA62D /* Pods.release.xcconfig */;
			buildSettings = {
				ASSETCATALOG_COMPILER_APPICON_NAME = AppIcon;
				CLANG_ENABLE_MODULES = YES;
				FRAMEWORK_SEARCH_PATHS = (
					"$(inherited)",
					"$(PROJECT_DIR)/build/Debug-iphoneos",
				);
				INFOPLIST_FILE = "snag-a-message/Info.plist";
				LD_RUNPATH_SEARCH_PATHS = "$(inherited) @executable_path/Frameworks";
				PRODUCT_BUNDLE_IDENTIFIER = "com.romainehinds.snag-a-message";
				PRODUCT_NAME = "$(TARGET_NAME)";
				SWIFT_OBJC_BRIDGING_HEADER = "snag-a-message/snag-a-message-Bridging-Header.h";
			};
			name = Release;
		};
		7B78E6041C6680FC00518D6D /* Debug */ = {
			isa = XCBuildConfiguration;
			buildSettings = {
				BUNDLE_LOADER = "$(TEST_HOST)";
				INFOPLIST_FILE = "snag-a-messageTests/Info.plist";
				LD_RUNPATH_SEARCH_PATHS = "$(inherited) @executable_path/Frameworks @loader_path/Frameworks";
				PRODUCT_BUNDLE_IDENTIFIER = "com.romainehinds.snag-a-messageTests";
				PRODUCT_NAME = "$(TARGET_NAME)";
				TEST_HOST = "$(BUILT_PRODUCTS_DIR)/snag-a-message.app/snag-a-message";
			};
			name = Debug;
		};
		7B78E6051C6680FC00518D6D /* Release */ = {
			isa = XCBuildConfiguration;
			buildSettings = {
				BUNDLE_LOADER = "$(TEST_HOST)";
				INFOPLIST_FILE = "snag-a-messageTests/Info.plist";
				LD_RUNPATH_SEARCH_PATHS = "$(inherited) @executable_path/Frameworks @loader_path/Frameworks";
				PRODUCT_BUNDLE_IDENTIFIER = "com.romainehinds.snag-a-messageTests";
				PRODUCT_NAME = "$(TARGET_NAME)";
				TEST_HOST = "$(BUILT_PRODUCTS_DIR)/snag-a-message.app/snag-a-message";
			};
			name = Release;
		};
		7B78E6071C6680FC00518D6D /* Debug */ = {
			isa = XCBuildConfiguration;
			buildSettings = {
				INFOPLIST_FILE = "snag-a-messageUITests/Info.plist";
				LD_RUNPATH_SEARCH_PATHS = "$(inherited) @executable_path/Frameworks @loader_path/Frameworks";
				PRODUCT_BUNDLE_IDENTIFIER = "com.romainehinds.snag-a-messageUITests";
				PRODUCT_NAME = "$(TARGET_NAME)";
				TEST_TARGET_NAME = "snag-a-message";
				USES_XCTRUNNER = YES;
			};
			name = Debug;
		};
		7B78E6081C6680FC00518D6D /* Release */ = {
			isa = XCBuildConfiguration;
			buildSettings = {
				INFOPLIST_FILE = "snag-a-messageUITests/Info.plist";
				LD_RUNPATH_SEARCH_PATHS = "$(inherited) @executable_path/Frameworks @loader_path/Frameworks";
				PRODUCT_BUNDLE_IDENTIFIER = "com.romainehinds.snag-a-messageUITests";
				PRODUCT_NAME = "$(TARGET_NAME)";
				TEST_TARGET_NAME = "snag-a-message";
				USES_XCTRUNNER = YES;
			};
			name = Release;
		};
/* End XCBuildConfiguration section */

/* Begin XCConfigurationList section */
		7B78E5D01C6680FB00518D6D /* Build configuration list for PBXProject "snag-a-message" */ = {
			isa = XCConfigurationList;
			buildConfigurations = (
				7B78E5FE1C6680FC00518D6D /* Debug */,
				7B78E5FF1C6680FC00518D6D /* Release */,
			);
			defaultConfigurationIsVisible = 0;
			defaultConfigurationName = Release;
		};
		7B78E6001C6680FC00518D6D /* Build configuration list for PBXNativeTarget "snag-a-message" */ = {
			isa = XCConfigurationList;
			buildConfigurations = (
				7B78E6011C6680FC00518D6D /* Debug */,
				7B78E6021C6680FC00518D6D /* Release */,
			);
			defaultConfigurationIsVisible = 0;
			defaultConfigurationName = Release;
		};
		7B78E6031C6680FC00518D6D /* Build configuration list for PBXNativeTarget "snag-a-messageTests" */ = {
			isa = XCConfigurationList;
			buildConfigurations = (
				7B78E6041C6680FC00518D6D /* Debug */,
				7B78E6051C6680FC00518D6D /* Release */,
			);
			defaultConfigurationIsVisible = 0;
			defaultConfigurationName = Release;
		};
		7B78E6061C6680FC00518D6D /* Build configuration list for PBXNativeTarget "snag-a-messageUITests" */ = {
			isa = XCConfigurationList;
			buildConfigurations = (
				7B78E6071C6680FC00518D6D /* Debug */,
				7B78E6081C6680FC00518D6D /* Release */,
			);
			defaultConfigurationIsVisible = 0;
			defaultConfigurationName = Release;
		};
/* End XCConfigurationList section */

/* Begin XCVersionGroup section */
		7B78E5DF1C6680FC00518D6D /* snag_a_message.xcdatamodeld */ = {
			isa = XCVersionGroup;
			children = (
				7B78E5E01C6680FC00518D6D /* snag_a_message.xcdatamodel */,
			);
			currentVersion = 7B78E5E01C6680FC00518D6D /* snag_a_message.xcdatamodel */;
			path = snag_a_message.xcdatamodeld;
			sourceTree = "<group>";
			versionGroupType = wrapper.xcdatamodel;
		};
/* End XCVersionGroup section */
	};
	rootObject = 7B78E5CD1C6680FB00518D6D /* Project object */;
}
